
Microsoft Visual Studio Solution File, Format Version 12.00
# Visual Studio Version 16
VisualStudioVersion = 16.0.30523.141
MinimumVisualStudioVersion = 10.0.40219.1
Project("{FAE04EC0-301F-11D3-BF4B-00C04F79EFBC}") = "Lib", "Lib\Lib.csproj", "{DD495FC5-7969-4A20-BB64-D22D2C9574E1}"
EndProject
Project("{FAE04EC0-301F-11D3-BF4B-00C04F79EFBC}") = "AWGv0", "C:\Users\Moonl\OneDrive\Рабочий стол\AWG v0\AWGv0\AWGv0\AWGv0.csproj", "{040955F8-A46E-4502-8F6D-B4F8ED94CD24}"
EndProject
Global
	GlobalSection(SolutionConfigurationPlatforms) = preSolution
		Debug|Any CPU = Debug|Any CPU
		Release|Any CPU = Release|Any CPU
	EndGlobalSection
	GlobalSection(ProjectConfigurationPlatforms) = postSolution
		{DD495FC5-7969-4A20-BB64-D22D2C9574E1}.Debug|Any CPU.ActiveCfg = Debug|Any CPU
		{DD495FC5-7969-4A20-BB64-D22D2C9574E1}.Debug|Any CPU.Build.0 = Debug|Any CPU
		{DD495FC5-7969-4A20-BB64-D22D2C9574E1}.Release|Any CPU.ActiveCfg = Release|Any CPU
		{DD495FC5-7969-4A20-BB64-D22D2C9574E1}.Release|Any CPU.Build.0 = Release|Any CPU
		{040955F8-A46E-4502-8F6D-B4F8ED94CD24}.Debug|Any CPU.ActiveCfg = Debug|Any CPU
		{040955F8-A46E-4502-8F6D-B4F8ED94CD24}.Debug|Any CPU.Build.0 = Debug|Any CPU
		{040955F8-A46E-4502-8F6D-B4F8ED94CD24}.Release|Any CPU.ActiveCfg = Release|Any CPU
		{040955F8-A46E-4502-8F6D-B4F8ED94CD24}.Release|Any CPU.Build.0 = Release|Any CPU
	EndGlobalSection
	GlobalSection(SolutionProperties) = preSolution
		HideSolutionNode = FALSE
	EndGlobalSection
	GlobalSection(ExtensibilityGlobals) = postSolution
		SolutionGuid = {2A2BEE9B-E217-4AD8-9C31-EC5A47286FD8}
	EndGlobalSection
EndGlobal
